
Microsoft Visual Studio Solution File, Format Version 12.00
# Visual Studio 15
Project("{FAE04EC0-301F-11D3-BF4B-00C04F79EFBC}") = "healthManagementSample.Android", "healthManagementSample.Android\healthManagementSample.Android.csproj", "{0871D144-74D6-4455-BC9D-7A3C1466A261}"
EndProject
Project("{FAE04EC0-301F-11D3-BF4B-00C04F79EFBC}") = "healthManagementSample.iOS", "healthManagementSample.iOS\healthManagementSample.iOS.csproj", "{83717F9B-6BE7-40C6-A682-833ABA9BC0D1}"
EndProject
Project("{FAE04EC0-301F-11D3-BF4B-00C04F79EFBC}") = "healthManagementSample", "healthManagementSample\healthManagementSample.csproj", "{EB9D15E4-4DCC-40C1-A1C8-340EB3ABC540}"
EndProject
Global
	GlobalSection(SolutionConfigurationPlatforms) = preSolution
		Debug|Any CPU = Debug|Any CPU
		Release|Any CPU = Release|Any CPU
		Debug|iPhoneSimulator = Debug|iPhoneSimulator
		Release|iPhoneSimulator = Release|iPhoneSimulator
		Debug|iPhone = Debug|iPhone
		Release|iPhone = Release|iPhone
	EndGlobalSection
	GlobalSection(ProjectConfigurationPlatforms) = postSolution
		{0871D144-74D6-4455-BC9D-7A3C1466A261}.Debug|Any CPU.ActiveCfg = Debug|Any CPU
		{0871D144-74D6-4455-BC9D-7A3C1466A261}.Debug|Any CPU.Build.0 = Debug|Any CPU
		{0871D144-74D6-4455-BC9D-7A3C1466A261}.Release|Any CPU.ActiveCfg = Release|Any CPU
		{0871D144-74D6-4455-BC9D-7A3C1466A261}.Release|Any CPU.Build.0 = Release|Any CPU
		{0871D144-74D6-4455-BC9D-7A3C1466A261}.Debug|iPhoneSimulator.ActiveCfg = Debug|Any CPU
		{0871D144-74D6-4455-BC9D-7A3C1466A261}.Debug|iPhoneSimulator.Build.0 = Debug|Any CPU
		{0871D144-74D6-4455-BC9D-7A3C1466A261}.Release|iPhoneSimulator.ActiveCfg = Release|Any CPU
		{0871D144-74D6-4455-BC9D-7A3C1466A261}.Release|iPhoneSimulator.Build.0 = Release|Any CPU
		{0871D144-74D6-4455-BC9D-7A3C1466A261}.Debug|iPhone.ActiveCfg = Debug|Any CPU
		{0871D144-74D6-4455-BC9D-7A3C1466A261}.Debug|iPhone.Build.0 = Debug|Any CPU
		{0871D144-74D6-4455-BC9D-7A3C1466A261}.Release|iPhone.ActiveCfg = Release|Any CPU
		{0871D144-74D6-4455-BC9D-7A3C1466A261}.Release|iPhone.Build.0 = Release|Any CPU
		{83717F9B-6BE7-40C6-A682-833ABA9BC0D1}.Debug|Any CPU.ActiveCfg = Debug|iPhoneSimulator
		{83717F9B-6BE7-40C6-A682-833ABA9BC0D1}.Debug|Any CPU.Build.0 = Debug|iPhoneSimulator
		{83717F9B-6BE7-40C6-A682-833ABA9BC0D1}.Release|Any CPU.ActiveCfg = Release|iPhoneSimulator
		{83717F9B-6BE7-40C6-A682-833ABA9BC0D1}.Release|Any CPU.Build.0 = Release|iPhoneSimulator
		{83717F9B-6BE7-40C6-A682-833ABA9BC0D1}.Debug|iPhoneSimulator.ActiveCfg = Debug|iPhoneSimulator
		{83717F9B-6BE7-40C6-A682-833ABA9BC0D1}.Debug|iPhoneSimulator.Build.0 = Debug|iPhoneSimulator
		{83717F9B-6BE7-40C6-A682-833ABA9BC0D1}.Release|iPhoneSimulator.ActiveCfg = Release|iPhoneSimulator
		{83717F9B-6BE7-40C6-A682-833ABA9BC0D1}.Release|iPhoneSimulator.Build.0 = Release|iPhoneSimulator
		{83717F9B-6BE7-40C6-A682-833ABA9BC0D1}.Debug|iPhone.ActiveCfg = Debug|iPhone
		{83717F9B-6BE7-40C6-A682-833ABA9BC0D1}.Debug|iPhone.Build.0 = Debug|iPhone
		{83717F9B-6BE7-40C6-A682-833ABA9BC0D1}.Release|iPhone.ActiveCfg = Release|iPhone
		{83717F9B-6BE7-40C6-A682-833ABA9BC0D1}.Release|iPhone.Build.0 = Release|iPhone
		{EB9D15E4-4DCC-40C1-A1C8-340EB3ABC540}.Debug|Any CPU.ActiveCfg = Debug|Any CPU
		{EB9D15E4-4DCC-40C1-A1C8-340EB3ABC540}.Debug|Any CPU.Build.0 = Debug|Any CPU
		{EB9D15E4-4DCC-40C1-A1C8-340EB3ABC540}.Release|Any CPU.ActiveCfg = Release|Any CPU
		{EB9D15E4-4DCC-40C1-A1C8-340EB3ABC540}.Release|Any CPU.Build.0 = Release|Any CPU
		{EB9D15E4-4DCC-40C1-A1C8-340EB3ABC540}.Debug|iPhoneSimulator.ActiveCfg = Debug|Any CPU
		{EB9D15E4-4DCC-40C1-A1C8-340EB3ABC540}.Debug|iPhoneSimulator.Build.0 = Debug|Any CPU
		{EB9D15E4-4DCC-40C1-A1C8-340EB3ABC540}.Release|iPhoneSimulator.ActiveCfg = Release|Any CPU
		{EB9D15E4-4DCC-40C1-A1C8-340EB3ABC540}.Release|iPhoneSimulator.Build.0 = Release|Any CPU
		{EB9D15E4-4DCC-40C1-A1C8-340EB3ABC540}.Debug|iPhone.ActiveCfg = Debug|Any CPU
		{EB9D15E4-4DCC-40C1-A1C8-340EB3ABC540}.Debug|iPhone.Build.0 = Debug|Any CPU
		{EB9D15E4-4DCC-40C1-A1C8-340EB3ABC540}.Release|iPhone.ActiveCfg = Release|Any CPU
		{EB9D15E4-4DCC-40C1-A1C8-340EB3ABC540}.Release|iPhone.Build.0 = Release|Any CPU
	EndGlobalSection
EndGlobal
